
Microsoft Visual Studio Solution File, Format Version 12.00
# Visual Studio Version 16
VisualStudioVersion = 16.0.31729.503
MinimumVisualStudioVersion = 10.0.40219.1
Project("{FAE04EC0-301F-11D3-BF4B-00C04F79EFBC}") = "ExamenNezter", "ExamenNezter\ExamenNezter.csproj", "{E2626DCF-B454-4551-94CD-87843DEDBB8D}"
EndProject
Global
	GlobalSection(SolutionConfigurationPlatforms) = preSolution
		Debug|Any CPU = Debug|Any CPU
		Release|Any CPU = Release|Any CPU
	EndGlobalSection
	GlobalSection(ProjectConfigurationPlatforms) = postSolution
		{E2626DCF-B454-4551-94CD-87843DEDBB8D}.Debug|Any CPU.ActiveCfg = Debug|Any CPU
		{E2626DCF-B454-4551-94CD-87843DEDBB8D}.Debug|Any CPU.Build.0 = Debug|Any CPU
		{E2626DCF-B454-4551-94CD-87843DEDBB8D}.Release|Any CPU.ActiveCfg = Release|Any CPU
		{E2626DCF-B454-4551-94CD-87843DEDBB8D}.Release|Any CPU.Build.0 = Release|Any CPU
	EndGlobalSection
	GlobalSection(SolutionProperties) = preSolution
		HideSolutionNode = FALSE
	EndGlobalSection
	GlobalSection(ExtensibilityGlobals) = postSolution
		SolutionGuid = {61E949CE-BFA2-4E0A-9067-1F245D83B72C}
	EndGlobalSection
EndGlobal
